
Microsoft Visual Studio Solution File, Format Version 12.00
# Visual Studio Version 17
VisualStudioVersion = 17.4.33110.190
MinimumVisualStudioVersion = 10.0.40219.1
Project("{FAE04EC0-301F-11D3-BF4B-00C04F79EFBC}") = "DataServiceApp", "DataServiceApp\DataServiceApp.csproj", "{95E07D30-79A9-47C9-87B2-8E542E5BE93A}"
EndProject
Global
	GlobalSection(SolutionConfigurationPlatforms) = preSolution
		Debug|Any CPU = Debug|Any CPU
		Release|Any CPU = Release|Any CPU
	EndGlobalSection
	GlobalSection(ProjectConfigurationPlatforms) = postSolution
		{95E07D30-79A9-47C9-87B2-8E542E5BE93A}.Debug|Any CPU.ActiveCfg = Debug|Any CPU
		{95E07D30-79A9-47C9-87B2-8E542E5BE93A}.Debug|Any CPU.Build.0 = Debug|Any CPU
		{95E07D30-79A9-47C9-87B2-8E542E5BE93A}.Release|Any CPU.ActiveCfg = Release|Any CPU
		{95E07D30-79A9-47C9-87B2-8E542E5BE93A}.Release|Any CPU.Build.0 = Release|Any CPU
	EndGlobalSection
	GlobalSection(SolutionProperties) = preSolution
		HideSolutionNode = FALSE
	EndGlobalSection
	GlobalSection(ExtensibilityGlobals) = postSolution
		SolutionGuid = {6857AAAF-E108-4741-8846-8C6D9D4C5BE3}
	EndGlobalSection
EndGlobal
